
Microsoft Visual Studio Solution File, Format Version 12.00
# Visual Studio Version 17
VisualStudioVersion = 17.9.34714.143
MinimumVisualStudioVersion = 10.0.40219.1
Project("{2150E333-8FDC-42A3-9474-1A3956D46DE8}") = "Services", "Services", "{B59F559C-1792-4726-92BB-0ECC257C5ACF}"
EndProject
Project("{2150E333-8FDC-42A3-9474-1A3956D46DE8}") = "Catalog", "Catalog", "{90BBFD47-A914-406B-AE6D-B802670D4CFB}"
EndProject
Project("{9A19103F-16F7-4668-BE54-9A1E7A4F7556}") = "Catalog.API", "Services\Catalog\Catalog.API\Catalog.API.csproj", "{11282BA5-A959-4C3F-80D8-82316E08DE5F}"
EndProject
Project("{2150E333-8FDC-42A3-9474-1A3956D46DE8}") = "BuildingBlocks", "BuildingBlocks", "{375F6680-2D80-41A9-90F5-BF7E2324928E}"
EndProject
Project("{9A19103F-16F7-4668-BE54-9A1E7A4F7556}") = "BuildingBlocks", "BuildingBlocks\BuildingBlocks\BuildingBlocks.csproj", "{BB8EF37C-6852-449A-82E5-949E230294C1}"
EndProject
Project("{E53339B2-1760-4266-BCC7-CA923CBCF16C}") = "docker-compose", "docker-compose.dcproj", "{2127FF41-0584-46D1-93EA-56867628B220}"
EndProject
Project("{2150E333-8FDC-42A3-9474-1A3956D46DE8}") = "Basket", "Basket", "{7998A4FD-7282-4452-A899-FBC5FAB95CD4}"
EndProject
Project("{9A19103F-16F7-4668-BE54-9A1E7A4F7556}") = "Basket.API", "Services\Basket\Basket.API\Basket.API.csproj", "{3E606427-E904-419D-9325-EC00E1F73202}"
EndProject
Project("{2150E333-8FDC-42A3-9474-1A3956D46DE8}") = "Discount", "Discount", "{C238F61D-9307-4207-9AF1-E84BE08481F5}"
EndProject
Project("{9A19103F-16F7-4668-BE54-9A1E7A4F7556}") = "Discount.GRPC", "Services\Discount\Discount.GRPC\Discount.GRPC.csproj", "{B5E23741-5ECD-49A6-BD3A-E09C5D0709E7}"
EndProject
Project("{2150E333-8FDC-42A3-9474-1A3956D46DE8}") = "Ordering", "Ordering", "{9C09E4D5-C1D6-4934-9777-DD9CB7BCA498}"
EndProject
Project("{9A19103F-16F7-4668-BE54-9A1E7A4F7556}") = "Ordering.API", "Services\Ordering\Ordering.API\Ordering.API.csproj", "{F0C9A937-3524-416B-8F43-103369EC9F60}"
EndProject
Project("{FAE04EC0-301F-11D3-BF4B-00C04F79EFBC}") = "Ordering.Domain", "Services\Ordering\Ordering.Domain\Ordering.Domain.csproj", "{6BB96334-CBFB-4BFA-B19E-39EE089D99E4}"
EndProject
Project("{FAE04EC0-301F-11D3-BF4B-00C04F79EFBC}") = "Ordering.Application", "Services\Ordering\Ordering.Application\Ordering.Application.csproj", "{68C5D7AB-35FF-4B6D-A7D0-E910208DD105}"
EndProject
Project("{FAE04EC0-301F-11D3-BF4B-00C04F79EFBC}") = "Order.Infrastructure", "Services\Ordering\Order.Infrastructure\Order.Infrastructure.csproj", "{B0095D22-4CF0-4F7A-A6DF-0911A79A0196}"
EndProject
Global
	GlobalSection(SolutionConfigurationPlatforms) = preSolution
		Debug|Any CPU = Debug|Any CPU
		Release|Any CPU = Release|Any CPU
	EndGlobalSection
	GlobalSection(ProjectConfigurationPlatforms) = postSolution
		{11282BA5-A959-4C3F-80D8-82316E08DE5F}.Debug|Any CPU.ActiveCfg = Debug|Any CPU
		{11282BA5-A959-4C3F-80D8-82316E08DE5F}.Debug|Any CPU.Build.0 = Debug|Any CPU
		{11282BA5-A959-4C3F-80D8-82316E08DE5F}.Release|Any CPU.ActiveCfg = Release|Any CPU
		{11282BA5-A959-4C3F-80D8-82316E08DE5F}.Release|Any CPU.Build.0 = Release|Any CPU
		{BB8EF37C-6852-449A-82E5-949E230294C1}.Debug|Any CPU.ActiveCfg = Debug|Any CPU
		{BB8EF37C-6852-449A-82E5-949E230294C1}.Debug|Any CPU.Build.0 = Debug|Any CPU
		{BB8EF37C-6852-449A-82E5-949E230294C1}.Release|Any CPU.ActiveCfg = Release|Any CPU
		{BB8EF37C-6852-449A-82E5-949E230294C1}.Release|Any CPU.Build.0 = Release|Any CPU
		{2127FF41-0584-46D1-93EA-56867628B220}.Debug|Any CPU.ActiveCfg = Debug|Any CPU
		{2127FF41-0584-46D1-93EA-56867628B220}.Debug|Any CPU.Build.0 = Debug|Any CPU
		{2127FF41-0584-46D1-93EA-56867628B220}.Release|Any CPU.ActiveCfg = Release|Any CPU
		{2127FF41-0584-46D1-93EA-56867628B220}.Release|Any CPU.Build.0 = Release|Any CPU
		{3E606427-E904-419D-9325-EC00E1F73202}.Debug|Any CPU.ActiveCfg = Debug|Any CPU
		{3E606427-E904-419D-9325-EC00E1F73202}.Debug|Any CPU.Build.0 = Debug|Any CPU
		{3E606427-E904-419D-9325-EC00E1F73202}.Release|Any CPU.ActiveCfg = Release|Any CPU
		{3E606427-E904-419D-9325-EC00E1F73202}.Release|Any CPU.Build.0 = Release|Any CPU
		{B5E23741-5ECD-49A6-BD3A-E09C5D0709E7}.Debug|Any CPU.ActiveCfg = Debug|Any CPU
		{B5E23741-5ECD-49A6-BD3A-E09C5D0709E7}.Debug|Any CPU.Build.0 = Debug|Any CPU
		{B5E23741-5ECD-49A6-BD3A-E09C5D0709E7}.Release|Any CPU.ActiveCfg = Release|Any CPU
		{B5E23741-5ECD-49A6-BD3A-E09C5D0709E7}.Release|Any CPU.Build.0 = Release|Any CPU
		{F0C9A937-3524-416B-8F43-103369EC9F60}.Debug|Any CPU.ActiveCfg = Debug|Any CPU
		{F0C9A937-3524-416B-8F43-103369EC9F60}.Debug|Any CPU.Build.0 = Debug|Any CPU
		{F0C9A937-3524-416B-8F43-103369EC9F60}.Release|Any CPU.ActiveCfg = Release|Any CPU
		{F0C9A937-3524-416B-8F43-103369EC9F60}.Release|Any CPU.Build.0 = Release|Any CPU
		{6BB96334-CBFB-4BFA-B19E-39EE089D99E4}.Debug|Any CPU.ActiveCfg = Debug|Any CPU
		{6BB96334-CBFB-4BFA-B19E-39EE089D99E4}.Debug|Any CPU.Build.0 = Debug|Any CPU
		{6BB96334-CBFB-4BFA-B19E-39EE089D99E4}.Release|Any CPU.ActiveCfg = Release|Any CPU
		{6BB96334-CBFB-4BFA-B19E-39EE089D99E4}.Release|Any CPU.Build.0 = Release|Any CPU
		{68C5D7AB-35FF-4B6D-A7D0-E910208DD105}.Debug|Any CPU.ActiveCfg = Debug|Any CPU
		{68C5D7AB-35FF-4B6D-A7D0-E910208DD105}.Debug|Any CPU.Build.0 = Debug|Any CPU
		{68C5D7AB-35FF-4B6D-A7D0-E910208DD105}.Release|Any CPU.ActiveCfg = Release|Any CPU
		{68C5D7AB-35FF-4B6D-A7D0-E910208DD105}.Release|Any CPU.Build.0 = Release|Any CPU
		{B0095D22-4CF0-4F7A-A6DF-0911A79A0196}.Debug|Any CPU.ActiveCfg = Debug|Any CPU
		{B0095D22-4CF0-4F7A-A6DF-0911A79A0196}.Debug|Any CPU.Build.0 = Debug|Any CPU
		{B0095D22-4CF0-4F7A-A6DF-0911A79A0196}.Release|Any CPU.ActiveCfg = Release|Any CPU
		{B0095D22-4CF0-4F7A-A6DF-0911A79A0196}.Release|Any CPU.Build.0 = Release|Any CPU
	EndGlobalSection
	GlobalSection(SolutionProperties) = preSolution
		HideSolutionNode = FALSE
	EndGlobalSection
	GlobalSection(NestedProjects) = preSolution
		{90BBFD47-A914-406B-AE6D-B802670D4CFB} = {B59F559C-1792-4726-92BB-0ECC257C5ACF}
		{11282BA5-A959-4C3F-80D8-82316E08DE5F} = {90BBFD47-A914-406B-AE6D-B802670D4CFB}
		{BB8EF37C-6852-449A-82E5-949E230294C1} = {375F6680-2D80-41A9-90F5-BF7E2324928E}
		{7998A4FD-7282-4452-A899-FBC5FAB95CD4} = {B59F559C-1792-4726-92BB-0ECC257C5ACF}
		{3E606427-E904-419D-9325-EC00E1F73202} = {7998A4FD-7282-4452-A899-FBC5FAB95CD4}
		{C238F61D-9307-4207-9AF1-E84BE08481F5} = {B59F559C-1792-4726-92BB-0ECC257C5ACF}
		{B5E23741-5ECD-49A6-BD3A-E09C5D0709E7} = {C238F61D-9307-4207-9AF1-E84BE08481F5}
		{9C09E4D5-C1D6-4934-9777-DD9CB7BCA498} = {B59F559C-1792-4726-92BB-0ECC257C5ACF}
		{F0C9A937-3524-416B-8F43-103369EC9F60} = {9C09E4D5-C1D6-4934-9777-DD9CB7BCA498}
		{6BB96334-CBFB-4BFA-B19E-39EE089D99E4} = {9C09E4D5-C1D6-4934-9777-DD9CB7BCA498}
		{68C5D7AB-35FF-4B6D-A7D0-E910208DD105} = {9C09E4D5-C1D6-4934-9777-DD9CB7BCA498}
		{B0095D22-4CF0-4F7A-A6DF-0911A79A0196} = {9C09E4D5-C1D6-4934-9777-DD9CB7BCA498}
	EndGlobalSection
	GlobalSection(ExtensibilityGlobals) = postSolution
		SolutionGuid = {E7AF8A13-AD3E-45F0-BD3F-B6CE3A499674}
	EndGlobalSection
EndGlobal
